{
  "version": 1,
  "dependencies": {
    "net10.0": {
      "DotNet.ReproducibleBuilds": {
        "type": "Direct",
        "requested": "[1.2.25, )",
        "resolved": "1.2.25",
        "contentHash": "xCXiw7BCxHJ8pF6wPepRUddlh2dlQlbr81gXA72hdk4FLHkKXas7EH/n+fk5UCA/YfMqG1Z6XaPiUjDbUNBUzg=="
      },
      "DotNetProjectFile.Analyzers": {
        "type": "Direct",
        "requested": "[1.5.10.1, )",
        "resolved": "1.5.10.1",
        "contentHash": "e+DrN+xr5cIAXr5Z/GebcjLyya2rnYzYsEglwurTjDBko7szJTUPJB1nVOJM/S+aK/q4V6wFnQTnyCQu7ckUlg=="
      },
      "Microsoft.Sbom.Targets": {
        "type": "Direct",
        "requested": "[*, )",
        "resolved": "4.1.5",
        "contentHash": "i5z+cNu/cOcdO0AgFB8aXk8w6In2H+haaDfSgd9ImvQIK+rSHavHZIogVoAZLL8jLwYx4bAcs5b7EyuMMG4mQQ=="
      }
    }
  }
}