
Microsoft Visual Studio Solution File, Format Version 12.00
# Visual Studio Version 17
VisualStudioVersion = 17.6.33815.320
MinimumVisualStudioVersion = 10.0.40219.1
Project("{9A19103F-16F7-4668-BE54-9A1E7A4F7556}") = "DotNetProjectFile.Analyzers", "src\DotNetProjectFile.Analyzers\DotNetProjectFile.Analyzers.csproj", "{EB081E61-BCAB-40B8-9358-A5914F223F37}"
EndProject
Project("{9A19103F-16F7-4668-BE54-9A1E7A4F7556}") = "DotNetProjectFile.Analyzers.Specs", "specs\DotNetProjectFile.Analyzers.Specs\DotNetProjectFile.Analyzers.Specs.csproj", "{626C7F5F-15EA-42AA-B4F8-5BD2A86B8FE6}"
EndProject
Project("{2150E333-8FDC-42A3-9474-1A3956D46DE8}") = "Projects", "Projects", "{46AE4B0F-B941-4E9F-B307-7D7D1E168F64}"
EndProject
Project("{9A19103F-16F7-4668-BE54-9A1E7A4F7556}") = "DisabledNugetAudit", "projects\DisabledNugetAudit\DisabledNugetAudit.csproj", "{3083F5F4-2C49-4AE2-8CED-49F1DA0E7691}"
EndProject
Project("{9A19103F-16F7-4668-BE54-9A1E7A4F7556}") = "CompliantCSharp", "projects\CompliantCSharp\CompliantCSharp.csproj", "{1A2C9D4D-2E3C-4726-ABC9-C77B41AE1DA9}"
EndProject
Project("{778DAE3C-4631-46EA-AA77-85C1314464D9}") = "CompliantVB", "projects\CompliantVB\CompliantVB.vbproj", "{74F59396-7A67-474A-A404-97B038C237F3}"
EndProject
Project("{9A19103F-16F7-4668-BE54-9A1E7A4F7556}") = "EmptyProject", "projects\EmptyProject\EmptyProject.csproj", "{F77103CC-4D77-46BE-B62A-22C7691CF858}"
EndProject
Project("{9A19103F-16F7-4668-BE54-9A1E7A4F7556}") = "ImplicitUsings", "projects\ImplicitUsings\ImplicitUsings.csproj", "{D525C7B7-5B0B-489D-BC3E-968597F84A58}"
EndProject
Project("{9A19103F-16F7-4668-BE54-9A1E7A4F7556}") = "NoAdditionalFiles", "projects\NoAdditionalFiles\NoAdditionalFiles.csproj", "{9B0241FD-A840-41AB-BE7E-BB3512CEA2D0}"
EndProject
Project("{9A19103F-16F7-4668-BE54-9A1E7A4F7556}") = "NoNugetAudit", "projects\NoNugetAudit\NoNugetAudit.csproj", "{909DAEE9-592F-4FA5-8777-CCDB563D0B49}"
EndProject
Project("{9A19103F-16F7-4668-BE54-9A1E7A4F7556}") = "PackageReferenceAssetsAsAttributes", "projects\PackageReferenceAssetsAsAttributes\PackageReferenceAssetsAsAttributes.csproj", "{9520C36F-17D6-469B-BD02-4DBBA5B52C26}"
EndProject
Project("{9A19103F-16F7-4668-BE54-9A1E7A4F7556}") = "PackageReferenceAssetsAsElements", "projects\PackageReferenceAssetsAsElements\PackageReferenceAssetsAsElements.csproj", "{7BB4BE09-DAEE-4A39-B64C-772A76B17D86}"
EndProject
Project("{9A19103F-16F7-4668-BE54-9A1E7A4F7556}") = "TargetFrameworksMultiple", "projects\TargetFrameworksMultiple\TargetFrameworksMultiple.csproj", "{64C424DD-AB37-46A8-B801-E59DBCA46B77}"
EndProject
Project("{9A19103F-16F7-4668-BE54-9A1E7A4F7556}") = "TargetFrameworksSingle", "projects\TargetFrameworksSingle\TargetFrameworksSingle.csproj", "{43CF7B5F-FC72-4737-A742-1B7AB4D48073}"
EndProject
Project("{778DAE3C-4631-46EA-AA77-85C1314464D9}") = "SonarVB", "projects\SonarVB\SonarVB.vbproj", "{1EB45A4E-16A0-4D88-8D72-C45313E0D574}"
EndProject
Project("{9A19103F-16F7-4668-BE54-9A1E7A4F7556}") = "SonarCS", "projects\SonarCS\SonarCS.csproj", "{0E4A55F9-5C49-40C9-9ACE-3754729074B3}"
EndProject
Global
	GlobalSection(SolutionConfigurationPlatforms) = preSolution
		Debug|Any CPU = Debug|Any CPU
		Release|Any CPU = Release|Any CPU
	EndGlobalSection
	GlobalSection(ProjectConfigurationPlatforms) = postSolution
		{EB081E61-BCAB-40B8-9358-A5914F223F37}.Debug|Any CPU.ActiveCfg = Debug|Any CPU
		{EB081E61-BCAB-40B8-9358-A5914F223F37}.Debug|Any CPU.Build.0 = Debug|Any CPU
		{EB081E61-BCAB-40B8-9358-A5914F223F37}.Release|Any CPU.ActiveCfg = Release|Any CPU
		{EB081E61-BCAB-40B8-9358-A5914F223F37}.Release|Any CPU.Build.0 = Release|Any CPU
		{626C7F5F-15EA-42AA-B4F8-5BD2A86B8FE6}.Debug|Any CPU.ActiveCfg = Debug|Any CPU
		{626C7F5F-15EA-42AA-B4F8-5BD2A86B8FE6}.Debug|Any CPU.Build.0 = Debug|Any CPU
		{626C7F5F-15EA-42AA-B4F8-5BD2A86B8FE6}.Release|Any CPU.ActiveCfg = Release|Any CPU
		{626C7F5F-15EA-42AA-B4F8-5BD2A86B8FE6}.Release|Any CPU.Build.0 = Release|Any CPU
		{3083F5F4-2C49-4AE2-8CED-49F1DA0E7691}.Debug|Any CPU.ActiveCfg = Debug|Any CPU
		{3083F5F4-2C49-4AE2-8CED-49F1DA0E7691}.Debug|Any CPU.Build.0 = Debug|Any CPU
		{3083F5F4-2C49-4AE2-8CED-49F1DA0E7691}.Release|Any CPU.ActiveCfg = Release|Any CPU
		{3083F5F4-2C49-4AE2-8CED-49F1DA0E7691}.Release|Any CPU.Build.0 = Release|Any CPU
		{1A2C9D4D-2E3C-4726-ABC9-C77B41AE1DA9}.Debug|Any CPU.ActiveCfg = Debug|Any CPU
		{1A2C9D4D-2E3C-4726-ABC9-C77B41AE1DA9}.Debug|Any CPU.Build.0 = Debug|Any CPU
		{1A2C9D4D-2E3C-4726-ABC9-C77B41AE1DA9}.Release|Any CPU.ActiveCfg = Release|Any CPU
		{1A2C9D4D-2E3C-4726-ABC9-C77B41AE1DA9}.Release|Any CPU.Build.0 = Release|Any CPU
		{74F59396-7A67-474A-A404-97B038C237F3}.Debug|Any CPU.ActiveCfg = Debug|Any CPU
		{74F59396-7A67-474A-A404-97B038C237F3}.Debug|Any CPU.Build.0 = Debug|Any CPU
		{74F59396-7A67-474A-A404-97B038C237F3}.Release|Any CPU.ActiveCfg = Release|Any CPU
		{74F59396-7A67-474A-A404-97B038C237F3}.Release|Any CPU.Build.0 = Release|Any CPU
		{F77103CC-4D77-46BE-B62A-22C7691CF858}.Debug|Any CPU.ActiveCfg = Debug|Any CPU
		{F77103CC-4D77-46BE-B62A-22C7691CF858}.Debug|Any CPU.Build.0 = Debug|Any CPU
		{F77103CC-4D77-46BE-B62A-22C7691CF858}.Release|Any CPU.ActiveCfg = Release|Any CPU
		{F77103CC-4D77-46BE-B62A-22C7691CF858}.Release|Any CPU.Build.0 = Release|Any CPU
		{D525C7B7-5B0B-489D-BC3E-968597F84A58}.Debug|Any CPU.ActiveCfg = Debug|Any CPU
		{D525C7B7-5B0B-489D-BC3E-968597F84A58}.Debug|Any CPU.Build.0 = Debug|Any CPU
		{D525C7B7-5B0B-489D-BC3E-968597F84A58}.Release|Any CPU.ActiveCfg = Release|Any CPU
		{D525C7B7-5B0B-489D-BC3E-968597F84A58}.Release|Any CPU.Build.0 = Release|Any CPU
		{9B0241FD-A840-41AB-BE7E-BB3512CEA2D0}.Debug|Any CPU.ActiveCfg = Debug|Any CPU
		{9B0241FD-A840-41AB-BE7E-BB3512CEA2D0}.Debug|Any CPU.Build.0 = Debug|Any CPU
		{9B0241FD-A840-41AB-BE7E-BB3512CEA2D0}.Release|Any CPU.ActiveCfg = Release|Any CPU
		{9B0241FD-A840-41AB-BE7E-BB3512CEA2D0}.Release|Any CPU.Build.0 = Release|Any CPU
		{909DAEE9-592F-4FA5-8777-CCDB563D0B49}.Debug|Any CPU.ActiveCfg = Debug|Any CPU
		{909DAEE9-592F-4FA5-8777-CCDB563D0B49}.Debug|Any CPU.Build.0 = Debug|Any CPU
		{909DAEE9-592F-4FA5-8777-CCDB563D0B49}.Release|Any CPU.ActiveCfg = Release|Any CPU
		{909DAEE9-592F-4FA5-8777-CCDB563D0B49}.Release|Any CPU.Build.0 = Release|Any CPU
		{9520C36F-17D6-469B-BD02-4DBBA5B52C26}.Debug|Any CPU.ActiveCfg = Debug|Any CPU
		{9520C36F-17D6-469B-BD02-4DBBA5B52C26}.Debug|Any CPU.Build.0 = Debug|Any CPU
		{9520C36F-17D6-469B-BD02-4DBBA5B52C26}.Release|Any CPU.ActiveCfg = Release|Any CPU
		{9520C36F-17D6-469B-BD02-4DBBA5B52C26}.Release|Any CPU.Build.0 = Release|Any CPU
		{7BB4BE09-DAEE-4A39-B64C-772A76B17D86}.Debug|Any CPU.ActiveCfg = Debug|Any CPU
		{7BB4BE09-DAEE-4A39-B64C-772A76B17D86}.Debug|Any CPU.Build.0 = Debug|Any CPU
		{7BB4BE09-DAEE-4A39-B64C-772A76B17D86}.Release|Any CPU.ActiveCfg = Release|Any CPU
		{7BB4BE09-DAEE-4A39-B64C-772A76B17D86}.Release|Any CPU.Build.0 = Release|Any CPU
		{64C424DD-AB37-46A8-B801-E59DBCA46B77}.Debug|Any CPU.ActiveCfg = Debug|Any CPU
		{64C424DD-AB37-46A8-B801-E59DBCA46B77}.Debug|Any CPU.Build.0 = Debug|Any CPU
		{64C424DD-AB37-46A8-B801-E59DBCA46B77}.Release|Any CPU.ActiveCfg = Release|Any CPU
		{64C424DD-AB37-46A8-B801-E59DBCA46B77}.Release|Any CPU.Build.0 = Release|Any CPU
		{43CF7B5F-FC72-4737-A742-1B7AB4D48073}.Debug|Any CPU.ActiveCfg = Debug|Any CPU
		{43CF7B5F-FC72-4737-A742-1B7AB4D48073}.Debug|Any CPU.Build.0 = Debug|Any CPU
		{43CF7B5F-FC72-4737-A742-1B7AB4D48073}.Release|Any CPU.ActiveCfg = Release|Any CPU
		{43CF7B5F-FC72-4737-A742-1B7AB4D48073}.Release|Any CPU.Build.0 = Release|Any CPU
		{1EB45A4E-16A0-4D88-8D72-C45313E0D574}.Debug|Any CPU.ActiveCfg = Debug|Any CPU
		{1EB45A4E-16A0-4D88-8D72-C45313E0D574}.Debug|Any CPU.Build.0 = Debug|Any CPU
		{1EB45A4E-16A0-4D88-8D72-C45313E0D574}.Release|Any CPU.ActiveCfg = Release|Any CPU
		{1EB45A4E-16A0-4D88-8D72-C45313E0D574}.Release|Any CPU.Build.0 = Release|Any CPU
		{0E4A55F9-5C49-40C9-9ACE-3754729074B3}.Debug|Any CPU.ActiveCfg = Debug|Any CPU
		{0E4A55F9-5C49-40C9-9ACE-3754729074B3}.Debug|Any CPU.Build.0 = Debug|Any CPU
		{0E4A55F9-5C49-40C9-9ACE-3754729074B3}.Release|Any CPU.ActiveCfg = Release|Any CPU
		{0E4A55F9-5C49-40C9-9ACE-3754729074B3}.Release|Any CPU.Build.0 = Release|Any CPU
	EndGlobalSection
	GlobalSection(SolutionProperties) = preSolution
		HideSolutionNode = FALSE
	EndGlobalSection
	GlobalSection(NestedProjects) = preSolution
		{3083F5F4-2C49-4AE2-8CED-49F1DA0E7691} = {46AE4B0F-B941-4E9F-B307-7D7D1E168F64}
		{1A2C9D4D-2E3C-4726-ABC9-C77B41AE1DA9} = {46AE4B0F-B941-4E9F-B307-7D7D1E168F64}
		{74F59396-7A67-474A-A404-97B038C237F3} = {46AE4B0F-B941-4E9F-B307-7D7D1E168F64}
		{F77103CC-4D77-46BE-B62A-22C7691CF858} = {46AE4B0F-B941-4E9F-B307-7D7D1E168F64}
		{D525C7B7-5B0B-489D-BC3E-968597F84A58} = {46AE4B0F-B941-4E9F-B307-7D7D1E168F64}
		{9B0241FD-A840-41AB-BE7E-BB3512CEA2D0} = {46AE4B0F-B941-4E9F-B307-7D7D1E168F64}
		{909DAEE9-592F-4FA5-8777-CCDB563D0B49} = {46AE4B0F-B941-4E9F-B307-7D7D1E168F64}
		{9520C36F-17D6-469B-BD02-4DBBA5B52C26} = {46AE4B0F-B941-4E9F-B307-7D7D1E168F64}
		{7BB4BE09-DAEE-4A39-B64C-772A76B17D86} = {46AE4B0F-B941-4E9F-B307-7D7D1E168F64}
		{64C424DD-AB37-46A8-B801-E59DBCA46B77} = {46AE4B0F-B941-4E9F-B307-7D7D1E168F64}
		{43CF7B5F-FC72-4737-A742-1B7AB4D48073} = {46AE4B0F-B941-4E9F-B307-7D7D1E168F64}
		{1EB45A4E-16A0-4D88-8D72-C45313E0D574} = {46AE4B0F-B941-4E9F-B307-7D7D1E168F64}
		{0E4A55F9-5C49-40C9-9ACE-3754729074B3} = {46AE4B0F-B941-4E9F-B307-7D7D1E168F64}
	EndGlobalSection
	GlobalSection(ExtensibilityGlobals) = postSolution
		SolutionGuid = {3AD1EF71-7465-4ED1-81AD-504C430C8251}
	EndGlobalSection
EndGlobal
