
Microsoft Visual Studio Solution File, Format Version 12.00
# Visual Studio Version 17
VisualStudioVersion = 17.6.33815.320
MinimumVisualStudioVersion = 10.0.40219.1
Project("{9A19103F-16F7-4668-BE54-9A1E7A4F7556}") = "DotNetProjectFile.Analyzers", "src\DotNetProjectFile.Analyzers\DotNetProjectFile.Analyzers.csproj", "{EB081E61-BCAB-40B8-9358-A5914F223F37}"
EndProject
Project("{9A19103F-16F7-4668-BE54-9A1E7A4F7556}") = "DotNetProjectFile.Analyzers.Specs", "specs\DotNetProjectFile.Analyzers.Specs\DotNetProjectFile.Analyzers.Specs.csproj", "{626C7F5F-15EA-42AA-B4F8-5BD2A86B8FE6}"
EndProject
Project("{2150E333-8FDC-42A3-9474-1A3956D46DE8}") = "Solution Items", "Solution Items", "{202A89DD-65C5-4D03-B196-C7FE6ADDFA4B}"
	ProjectSection(SolutionItems) = preProject
		.editorconfig = .editorconfig
		.gitattributes = .gitattributes
		.gitignore = .gitignore
		CODE_OF_CONDUCT.md = CODE_OF_CONDUCT.md
		dictionary.dic = dictionary.dic
		LICENSE.md = LICENSE.md
		README.md = README.md
	EndProjectSection
EndProject
Project("{2150E333-8FDC-42A3-9474-1A3956D46DE8}") = "Projects", "Projects", "{D43D7549-495B-4A32-A13C-9AF7B6EA893A}"
	ProjectSection(SolutionItems) = preProject
		projects\CompliantCSharp\CompliantCSharp.csproj = projects\CompliantCSharp\CompliantCSharp.csproj
		projects\CompliantCSharpPackage\CompliantCSharpPackage.csproj = projects\CompliantCSharpPackage\CompliantCSharpPackage.csproj
		projects\DoubleProjectReferences\DoubleProjectReferences.csproj = projects\DoubleProjectReferences\DoubleProjectReferences.csproj
		projects\MixedItemGroup\MixedItemGroup.csproj = projects\MixedItemGroup\MixedItemGroup.csproj
		projects\NonAlphabeticalPackageReferences\NonAlphabeticalPackageReferences.csproj = projects\NonAlphabeticalPackageReferences\NonAlphabeticalPackageReferences.csproj
		projects\NonAlphabeticalProjectReferences\NonAlphabeticalProjectReferences.csproj = projects\NonAlphabeticalProjectReferences\NonAlphabeticalProjectReferences.csproj
	EndProjectSection
EndProject
Project("{2150E333-8FDC-42A3-9474-1A3956D46DE8}") = "Projects.common", "Projects.common", "{67CD4711-6DEE-4426-ABD3-700C7D53EEA9}"
	ProjectSection(SolutionItems) = preProject
		projects\common\Code.cs = projects\common\Code.cs
	EndProjectSection
EndProject
Global
	GlobalSection(SolutionConfigurationPlatforms) = preSolution
		Debug|Any CPU = Debug|Any CPU
		Release|Any CPU = Release|Any CPU
	EndGlobalSection
	GlobalSection(ProjectConfigurationPlatforms) = postSolution
		{EB081E61-BCAB-40B8-9358-A5914F223F37}.Debug|Any CPU.ActiveCfg = Debug|Any CPU
		{EB081E61-BCAB-40B8-9358-A5914F223F37}.Debug|Any CPU.Build.0 = Debug|Any CPU
		{EB081E61-BCAB-40B8-9358-A5914F223F37}.Release|Any CPU.ActiveCfg = Release|Any CPU
		{EB081E61-BCAB-40B8-9358-A5914F223F37}.Release|Any CPU.Build.0 = Release|Any CPU
		{626C7F5F-15EA-42AA-B4F8-5BD2A86B8FE6}.Debug|Any CPU.ActiveCfg = Debug|Any CPU
		{626C7F5F-15EA-42AA-B4F8-5BD2A86B8FE6}.Debug|Any CPU.Build.0 = Debug|Any CPU
		{626C7F5F-15EA-42AA-B4F8-5BD2A86B8FE6}.Release|Any CPU.ActiveCfg = Release|Any CPU
		{626C7F5F-15EA-42AA-B4F8-5BD2A86B8FE6}.Release|Any CPU.Build.0 = Release|Any CPU
	EndGlobalSection
	GlobalSection(SolutionProperties) = preSolution
		HideSolutionNode = FALSE
	EndGlobalSection
	GlobalSection(ExtensibilityGlobals) = postSolution
		SolutionGuid = {3AD1EF71-7465-4ED1-81AD-504C430C8251}
	EndGlobalSection
EndGlobal
