
Microsoft Visual Studio Solution File, Format Version 12.00
# Visual Studio Version 17
VisualStudioVersion = 17.6.33815.320
MinimumVisualStudioVersion = 10.0.40219.1
Project("{9A19103F-16F7-4668-BE54-9A1E7A4F7556}") = "DotNetProjectFile.Analyzers", "src\DotNetProjectFile.Analyzers\DotNetProjectFile.Analyzers.csproj", "{EB081E61-BCAB-40B8-9358-A5914F223F37}"
EndProject
Project("{9A19103F-16F7-4668-BE54-9A1E7A4F7556}") = "DotNetProjectFile.Analyzers.Specs", "specs\DotNetProjectFile.Analyzers.Specs\DotNetProjectFile.Analyzers.Specs.csproj", "{626C7F5F-15EA-42AA-B4F8-5BD2A86B8FE6}"
EndProject
Project("{2150E333-8FDC-42A3-9474-1A3956D46DE8}") = "Solution Items", "Solution Items", "{202A89DD-65C5-4D03-B196-C7FE6ADDFA4B}"
	ProjectSection(SolutionItems) = preProject
		.editorconfig = .editorconfig
		.gitattributes = .gitattributes
		.gitignore = .gitignore
		CODE_OF_CONDUCT.md = CODE_OF_CONDUCT.md
		dictionary.dic = dictionary.dic
		LICENSE.md = LICENSE.md
		README.md = README.md
	EndProjectSection
EndProject
Project("{2150E333-8FDC-42A3-9474-1A3956D46DE8}") = "Projects", "Projects", "{D43D7549-495B-4A32-A13C-9AF7B6EA893A}"
EndProject
Project("{2150E333-8FDC-42A3-9474-1A3956D46DE8}") = "common", "common", "{67CD4711-6DEE-4426-ABD3-700C7D53EEA9}"
	ProjectSection(SolutionItems) = preProject
		projects\common\Code.cs = projects\common\Code.cs
		projects\common\Code.vb = projects\common\Code.vb
	EndProjectSection
EndProject
Project("{2150E333-8FDC-42A3-9474-1A3956D46DE8}") = ".github", ".github", "{DF7D0480-2743-4369-9855-07A8CBEDEDD7}"
EndProject
Project("{2150E333-8FDC-42A3-9474-1A3956D46DE8}") = "workflows", "workflows", "{FE3F69F9-CD8C-403D-9E7E-CC28E3DF2A28}"
	ProjectSection(SolutionItems) = preProject
		.github\workflows\build-test.yaml = .github\workflows\build-test.yaml
	EndProjectSection
EndProject
Project("{2150E333-8FDC-42A3-9474-1A3956D46DE8}") = "VB.NET", "VB.NET", "{A4D4C767-69F6-46AA-ADBA-C1615A25DD7F}"
	ProjectSection(SolutionItems) = preProject
		projects\CompliantVB\CompliantVB.vbproj = projects\CompliantVB\CompliantVB.vbproj
		projects\CompliantVBPackage\CompliantVBPackage.vbproj = projects\CompliantVBPackage\CompliantVBPackage.vbproj
		projects\EmptyProjectVB\EmptyProjectVB.vbproj = projects\EmptyProjectVB\EmptyProjectVB.vbproj
		projects\SonarVB\SonarVB.vbproj = projects\SonarVB\SonarVB.vbproj
	EndProjectSection
EndProject
Project("{2150E333-8FDC-42A3-9474-1A3956D46DE8}") = "C#", "C#", "{BAD262BB-6053-4EC3-9DA0-B8A8133BB031}"
	ProjectSection(SolutionItems) = preProject
		projects\BackwardSlashes\BackwardSlashes.csproj = projects\BackwardSlashes\BackwardSlashes.csproj
		projects\CompliantCSharp\CompliantCSharp.csproj = projects\CompliantCSharp\CompliantCSharp.csproj
		projects\CompliantCSharpPackage\CompliantCSharpPackage.csproj = projects\CompliantCSharpPackage\CompliantCSharpPackage.csproj
		projects\DoubleProjectReferences\DoubleProjectReferences.csproj = projects\DoubleProjectReferences\DoubleProjectReferences.csproj
		projects\FolderNodes\FolderNodes.csproj = projects\FolderNodes\FolderNodes.csproj
		projects\MixedItemGroup\MixedItemGroup.csproj = projects\MixedItemGroup\MixedItemGroup.csproj
		projects\NoBaselineVersion\NoBaselineVersion.csproj = projects\NoBaselineVersion\NoBaselineVersion.csproj
		projects\NonAlphabeticalPackageReferences\NonAlphabeticalPackageReferences.csproj = projects\NonAlphabeticalPackageReferences\NonAlphabeticalPackageReferences.csproj
		projects\NonAlphabeticalProjectReferences\NonAlphabeticalProjectReferences.csproj = projects\NonAlphabeticalProjectReferences\NonAlphabeticalProjectReferences.csproj
		projects\PackageReferenceAssetsAsElements\PackageReferenceAssetsAsElements.csproj = projects\PackageReferenceAssetsAsElements\PackageReferenceAssetsAsElements.csproj
		projects\PackagesWithAnalyzers\PackagesWithAnalyzers.csproj = projects\PackagesWithAnalyzers\PackagesWithAnalyzers.csproj
		projects\PackageValidationDisabled\PackageValidationDisabled.csproj = projects\PackageValidationDisabled\PackageValidationDisabled.csproj
		projects\PrivateAssets\PrivateAssets.csproj = projects\PrivateAssets\PrivateAssets.csproj
		projects\SuppressIssues\SuppressIssues.csproj = projects\SuppressIssues\SuppressIssues.csproj
	EndProjectSection
EndProject
Project("{2150E333-8FDC-42A3-9474-1A3956D46DE8}") = "props", "props", "{B217F3D7-B8D9-4B44-8AEC-05B41098BD1F}"
	ProjectSection(SolutionItems) = preProject
		projects\props\common.props = projects\props\common.props
		projects\props\common1.props = projects\props\common1.props
		projects\props\common2.props = projects\props\common2.props
		projects\props\DoublePackageReferences.props = projects\props\DoublePackageReferences.props
		projects\props\simple.props = projects\props\simple.props
	EndProjectSection
EndProject
Project("{9A19103F-16F7-4668-BE54-9A1E7A4F7556}") = "Benchmarks", "specs\Benchmarks\Benchmarks.csproj", "{1BBC66D2-5E99-4557-ACF3-37EDA55A05EC}"
EndProject
Global
	GlobalSection(SolutionConfigurationPlatforms) = preSolution
		Debug|Any CPU = Debug|Any CPU
		Release|Any CPU = Release|Any CPU
	EndGlobalSection
	GlobalSection(ProjectConfigurationPlatforms) = postSolution
		{EB081E61-BCAB-40B8-9358-A5914F223F37}.Debug|Any CPU.ActiveCfg = Debug|Any CPU
		{EB081E61-BCAB-40B8-9358-A5914F223F37}.Debug|Any CPU.Build.0 = Debug|Any CPU
		{EB081E61-BCAB-40B8-9358-A5914F223F37}.Release|Any CPU.ActiveCfg = Release|Any CPU
		{EB081E61-BCAB-40B8-9358-A5914F223F37}.Release|Any CPU.Build.0 = Release|Any CPU
		{626C7F5F-15EA-42AA-B4F8-5BD2A86B8FE6}.Debug|Any CPU.ActiveCfg = Debug|Any CPU
		{626C7F5F-15EA-42AA-B4F8-5BD2A86B8FE6}.Debug|Any CPU.Build.0 = Debug|Any CPU
		{626C7F5F-15EA-42AA-B4F8-5BD2A86B8FE6}.Release|Any CPU.ActiveCfg = Release|Any CPU
		{626C7F5F-15EA-42AA-B4F8-5BD2A86B8FE6}.Release|Any CPU.Build.0 = Release|Any CPU
		{1BBC66D2-5E99-4557-ACF3-37EDA55A05EC}.Debug|Any CPU.ActiveCfg = Debug|Any CPU
		{1BBC66D2-5E99-4557-ACF3-37EDA55A05EC}.Debug|Any CPU.Build.0 = Debug|Any CPU
		{1BBC66D2-5E99-4557-ACF3-37EDA55A05EC}.Release|Any CPU.ActiveCfg = Release|Any CPU
		{1BBC66D2-5E99-4557-ACF3-37EDA55A05EC}.Release|Any CPU.Build.0 = Release|Any CPU
	EndGlobalSection
	GlobalSection(SolutionProperties) = preSolution
		HideSolutionNode = FALSE
	EndGlobalSection
	GlobalSection(NestedProjects) = preSolution
		{67CD4711-6DEE-4426-ABD3-700C7D53EEA9} = {D43D7549-495B-4A32-A13C-9AF7B6EA893A}
		{DF7D0480-2743-4369-9855-07A8CBEDEDD7} = {202A89DD-65C5-4D03-B196-C7FE6ADDFA4B}
		{FE3F69F9-CD8C-403D-9E7E-CC28E3DF2A28} = {DF7D0480-2743-4369-9855-07A8CBEDEDD7}
		{A4D4C767-69F6-46AA-ADBA-C1615A25DD7F} = {D43D7549-495B-4A32-A13C-9AF7B6EA893A}
		{BAD262BB-6053-4EC3-9DA0-B8A8133BB031} = {D43D7549-495B-4A32-A13C-9AF7B6EA893A}
		{B217F3D7-B8D9-4B44-8AEC-05B41098BD1F} = {D43D7549-495B-4A32-A13C-9AF7B6EA893A}
	EndGlobalSection
	GlobalSection(ExtensibilityGlobals) = postSolution
		SolutionGuid = {3AD1EF71-7465-4ED1-81AD-504C430C8251}
	EndGlobalSection
EndGlobal
