
Microsoft Visual Studio Solution File, Format Version 12.00
# Visual Studio Version 17
VisualStudioVersion = 17.6.33815.320
MinimumVisualStudioVersion = 10.0.40219.1
Project("{9A19103F-16F7-4668-BE54-9A1E7A4F7556}") = "DotNetProjectFile.Analyzers", "src\DotNetProjectFile.Analyzers\DotNetProjectFile.Analyzers.csproj", "{EB081E61-BCAB-40B8-9358-A5914F223F37}"
EndProject
Project("{9A19103F-16F7-4668-BE54-9A1E7A4F7556}") = "DotNetProjectFile.Analyzers.Specs", "specs\DotNetProjectFile.Analyzers.Specs\DotNetProjectFile.Analyzers.Specs.csproj", "{626C7F5F-15EA-42AA-B4F8-5BD2A86B8FE6}"
EndProject
Project("{2150E333-8FDC-42A3-9474-1A3956D46DE8}") = "Solution Items", "Solution Items", "{BED71055-3C56-4C5B-9D83-A7B2CCD3B8CA}"
	ProjectSection(SolutionItems) = preProject
		.editorconfig = .editorconfig
		.gitattributes = .gitattributes
		.gitignore = .gitignore
		CODE_OF_CONDUCT.md = CODE_OF_CONDUCT.md
		LICENSE.md = LICENSE.md
		README.md = README.md
	EndProjectSection
EndProject
Project("{2150E333-8FDC-42A3-9474-1A3956D46DE8}") = "Projects", "Projects", "{46AE4B0F-B941-4E9F-B307-7D7D1E168F64}"
EndProject
Project("{2150E333-8FDC-42A3-9474-1A3956D46DE8}") = "Rules", "Rules", "{50507CD3-2049-4539-8A37-D370EE0F91F7}"
	ProjectSection(SolutionItems) = preProject
		rules\Proj0001.md = rules\Proj0001.md
		rules\Proj0002.md = rules\Proj0002.md
		rules\Proj0003.md = rules\Proj0003.md
		rules\Proj0004.md = rules\Proj0004.md
		rules\Proj1001.md = rules\Proj1001.md
	EndProjectSection
EndProject
Project("{9A19103F-16F7-4668-BE54-9A1E7A4F7556}") = "CompliantCSharp", "projects\CompliantCSharp\CompliantCSharp.csproj", "{1A2C9D4D-2E3C-4726-ABC9-C77B41AE1DA9}"
EndProject
Project("{778DAE3C-4631-46EA-AA77-85C1314464D9}") = "CompliantVB", "projects\CompliantVB\CompliantVB.vbproj", "{74F59396-7A67-474A-A404-97B038C237F3}"
EndProject
Project("{2150E333-8FDC-42A3-9474-1A3956D46DE8}") = ".github", ".github", "{1BF2B41D-E15B-4E95-AAE0-9B33B4A1523E}"
EndProject
Project("{2150E333-8FDC-42A3-9474-1A3956D46DE8}") = "workflows", "workflows", "{E6209CFA-DDCD-497E-8B85-804B58B8FAEC}"
	ProjectSection(SolutionItems) = preProject
		.github\workflows\build-test.yaml = .github\workflows\build-test.yaml
	EndProjectSection
EndProject
Project("{9A19103F-16F7-4668-BE54-9A1E7A4F7556}") = "NoAdditionalFiles", "projects\NoAdditionalFiles\NoAdditionalFiles.csproj", "{9B0241FD-A840-41AB-BE7E-BB3512CEA2D0}"
EndProject
Project("{9A19103F-16F7-4668-BE54-9A1E7A4F7556}") = "PackagesWithAnalyzers", "projects\PackagesWithAnalyzers\PackagesWithAnalyzers.csproj", "{5D9A3040-DBCD-4401-8B2F-369586DEF29F}"
EndProject
Project("{9A19103F-16F7-4668-BE54-9A1E7A4F7556}") = "PackagesWithoutAnalyzers", "projects\PackagesWithoutAnalyzers\PackagesWithoutAnalyzers.csproj", "{BE7A8A3A-49A3-44AD-A57A-FA91217D6E80}"
EndProject
Project("{2150E333-8FDC-42A3-9474-1A3956D46DE8}") = "props", "props", "{00669DF6-1449-41AA-8AD3-FA84194CE5B4}"
	ProjectSection(SolutionItems) = preProject
		projects\props\common.props = projects\props\common.props
	EndProjectSection
EndProject
Project("{9A19103F-16F7-4668-BE54-9A1E7A4F7556}") = "ImplicitUsings", "projects\ImplicitUsings\ImplicitUsings.csproj", "{64D2404F-D04E-4926-8503-0D0C97C1EDBC}"
EndProject
Project("{FAE04EC0-301F-11D3-BF4B-00C04F79EFBC}") = "LegacyProject", "projects\LegacyProject\LegacyProject.csproj", "{ECC1C67A-4BD7-400F-92C5-39395F05B586}"
EndProject
Project("{FAE04EC0-301F-11D3-BF4B-00C04F79EFBC}") = "NoNugetAudit", "projects\NoNugetAudit\NoNugetAudit.csproj", "{C87CBF4B-8F0F-4C25-9AD5-4B1230FE117C}"
EndProject
Project("{FAE04EC0-301F-11D3-BF4B-00C04F79EFBC}") = "DisabledNugetAudit", "projects\DisabledNugetAudit\DisabledNugetAudit.csproj", "{572E6913-ABC2-4CAF-9F11-1C41770473C2}"
EndProject
Global
	GlobalSection(SolutionConfigurationPlatforms) = preSolution
		Debug|Any CPU = Debug|Any CPU
		Release|Any CPU = Release|Any CPU
	EndGlobalSection
	GlobalSection(ProjectConfigurationPlatforms) = postSolution
		{EB081E61-BCAB-40B8-9358-A5914F223F37}.Debug|Any CPU.ActiveCfg = Debug|Any CPU
		{EB081E61-BCAB-40B8-9358-A5914F223F37}.Debug|Any CPU.Build.0 = Debug|Any CPU
		{EB081E61-BCAB-40B8-9358-A5914F223F37}.Release|Any CPU.ActiveCfg = Release|Any CPU
		{EB081E61-BCAB-40B8-9358-A5914F223F37}.Release|Any CPU.Build.0 = Release|Any CPU
		{626C7F5F-15EA-42AA-B4F8-5BD2A86B8FE6}.Debug|Any CPU.ActiveCfg = Debug|Any CPU
		{626C7F5F-15EA-42AA-B4F8-5BD2A86B8FE6}.Debug|Any CPU.Build.0 = Debug|Any CPU
		{626C7F5F-15EA-42AA-B4F8-5BD2A86B8FE6}.Release|Any CPU.ActiveCfg = Release|Any CPU
		{626C7F5F-15EA-42AA-B4F8-5BD2A86B8FE6}.Release|Any CPU.Build.0 = Release|Any CPU
		{1A2C9D4D-2E3C-4726-ABC9-C77B41AE1DA9}.Debug|Any CPU.ActiveCfg = Debug|Any CPU
		{1A2C9D4D-2E3C-4726-ABC9-C77B41AE1DA9}.Debug|Any CPU.Build.0 = Debug|Any CPU
		{1A2C9D4D-2E3C-4726-ABC9-C77B41AE1DA9}.Release|Any CPU.ActiveCfg = Release|Any CPU
		{1A2C9D4D-2E3C-4726-ABC9-C77B41AE1DA9}.Release|Any CPU.Build.0 = Release|Any CPU
		{74F59396-7A67-474A-A404-97B038C237F3}.Debug|Any CPU.ActiveCfg = Debug|Any CPU
		{74F59396-7A67-474A-A404-97B038C237F3}.Debug|Any CPU.Build.0 = Debug|Any CPU
		{74F59396-7A67-474A-A404-97B038C237F3}.Release|Any CPU.ActiveCfg = Release|Any CPU
		{74F59396-7A67-474A-A404-97B038C237F3}.Release|Any CPU.Build.0 = Release|Any CPU
		{9B0241FD-A840-41AB-BE7E-BB3512CEA2D0}.Debug|Any CPU.ActiveCfg = Debug|Any CPU
		{9B0241FD-A840-41AB-BE7E-BB3512CEA2D0}.Debug|Any CPU.Build.0 = Debug|Any CPU
		{9B0241FD-A840-41AB-BE7E-BB3512CEA2D0}.Release|Any CPU.ActiveCfg = Release|Any CPU
		{9B0241FD-A840-41AB-BE7E-BB3512CEA2D0}.Release|Any CPU.Build.0 = Release|Any CPU
		{5D9A3040-DBCD-4401-8B2F-369586DEF29F}.Debug|Any CPU.ActiveCfg = Debug|Any CPU
		{5D9A3040-DBCD-4401-8B2F-369586DEF29F}.Debug|Any CPU.Build.0 = Debug|Any CPU
		{5D9A3040-DBCD-4401-8B2F-369586DEF29F}.Release|Any CPU.ActiveCfg = Release|Any CPU
		{5D9A3040-DBCD-4401-8B2F-369586DEF29F}.Release|Any CPU.Build.0 = Release|Any CPU
		{BE7A8A3A-49A3-44AD-A57A-FA91217D6E80}.Debug|Any CPU.ActiveCfg = Debug|Any CPU
		{BE7A8A3A-49A3-44AD-A57A-FA91217D6E80}.Debug|Any CPU.Build.0 = Debug|Any CPU
		{BE7A8A3A-49A3-44AD-A57A-FA91217D6E80}.Release|Any CPU.ActiveCfg = Release|Any CPU
		{BE7A8A3A-49A3-44AD-A57A-FA91217D6E80}.Release|Any CPU.Build.0 = Release|Any CPU
		{64D2404F-D04E-4926-8503-0D0C97C1EDBC}.Debug|Any CPU.ActiveCfg = Debug|Any CPU
		{64D2404F-D04E-4926-8503-0D0C97C1EDBC}.Debug|Any CPU.Build.0 = Debug|Any CPU
		{64D2404F-D04E-4926-8503-0D0C97C1EDBC}.Release|Any CPU.ActiveCfg = Release|Any CPU
		{64D2404F-D04E-4926-8503-0D0C97C1EDBC}.Release|Any CPU.Build.0 = Release|Any CPU
		{ECC1C67A-4BD7-400F-92C5-39395F05B586}.Debug|Any CPU.ActiveCfg = Debug|Any CPU
		{ECC1C67A-4BD7-400F-92C5-39395F05B586}.Debug|Any CPU.Build.0 = Debug|Any CPU
		{ECC1C67A-4BD7-400F-92C5-39395F05B586}.Release|Any CPU.ActiveCfg = Release|Any CPU
		{ECC1C67A-4BD7-400F-92C5-39395F05B586}.Release|Any CPU.Build.0 = Release|Any CPU
		{C87CBF4B-8F0F-4C25-9AD5-4B1230FE117C}.Debug|Any CPU.ActiveCfg = Debug|Any CPU
		{C87CBF4B-8F0F-4C25-9AD5-4B1230FE117C}.Debug|Any CPU.Build.0 = Debug|Any CPU
		{C87CBF4B-8F0F-4C25-9AD5-4B1230FE117C}.Release|Any CPU.ActiveCfg = Release|Any CPU
		{C87CBF4B-8F0F-4C25-9AD5-4B1230FE117C}.Release|Any CPU.Build.0 = Release|Any CPU
		{572E6913-ABC2-4CAF-9F11-1C41770473C2}.Debug|Any CPU.ActiveCfg = Debug|Any CPU
		{572E6913-ABC2-4CAF-9F11-1C41770473C2}.Debug|Any CPU.Build.0 = Debug|Any CPU
		{572E6913-ABC2-4CAF-9F11-1C41770473C2}.Release|Any CPU.ActiveCfg = Release|Any CPU
		{572E6913-ABC2-4CAF-9F11-1C41770473C2}.Release|Any CPU.Build.0 = Release|Any CPU
	EndGlobalSection
	GlobalSection(SolutionProperties) = preSolution
		HideSolutionNode = FALSE
	EndGlobalSection
	GlobalSection(NestedProjects) = preSolution
		{1A2C9D4D-2E3C-4726-ABC9-C77B41AE1DA9} = {46AE4B0F-B941-4E9F-B307-7D7D1E168F64}
		{74F59396-7A67-474A-A404-97B038C237F3} = {46AE4B0F-B941-4E9F-B307-7D7D1E168F64}
		{1BF2B41D-E15B-4E95-AAE0-9B33B4A1523E} = {BED71055-3C56-4C5B-9D83-A7B2CCD3B8CA}
		{E6209CFA-DDCD-497E-8B85-804B58B8FAEC} = {1BF2B41D-E15B-4E95-AAE0-9B33B4A1523E}
		{9B0241FD-A840-41AB-BE7E-BB3512CEA2D0} = {46AE4B0F-B941-4E9F-B307-7D7D1E168F64}
		{5D9A3040-DBCD-4401-8B2F-369586DEF29F} = {46AE4B0F-B941-4E9F-B307-7D7D1E168F64}
		{BE7A8A3A-49A3-44AD-A57A-FA91217D6E80} = {46AE4B0F-B941-4E9F-B307-7D7D1E168F64}
		{00669DF6-1449-41AA-8AD3-FA84194CE5B4} = {46AE4B0F-B941-4E9F-B307-7D7D1E168F64}
		{64D2404F-D04E-4926-8503-0D0C97C1EDBC} = {46AE4B0F-B941-4E9F-B307-7D7D1E168F64}
		{ECC1C67A-4BD7-400F-92C5-39395F05B586} = {46AE4B0F-B941-4E9F-B307-7D7D1E168F64}
		{C87CBF4B-8F0F-4C25-9AD5-4B1230FE117C} = {46AE4B0F-B941-4E9F-B307-7D7D1E168F64}
		{572E6913-ABC2-4CAF-9F11-1C41770473C2} = {46AE4B0F-B941-4E9F-B307-7D7D1E168F64}
	EndGlobalSection
	GlobalSection(ExtensibilityGlobals) = postSolution
		SolutionGuid = {3AD1EF71-7465-4ED1-81AD-504C430C8251}
	EndGlobalSection
EndGlobal
