<Solution>
  <Project Path=".net.csproj" />
  <Project Path="specs/Benchmarks/Benchmarks.csproj" />
  <Project Path="specs/DotNetProjectFile.Analyzers.Specs/DotNetProjectFile.Analyzers.Specs.csproj" />
  <Project Path="src/DotNetProjectFile.Analyzers.Sdk/DotNetProjectFile.Analyzers.Sdk.csproj" />
  <Project Path="src/DotNetProjectFile.Analyzers/DotNetProjectFile.Analyzers.csproj" />
</Solution>
